Microsoft Visual Studio Solution File, Format Version 11.00
# Visual Studio 2008

Project("{E9D1DB4C-333E-F9FE-8BB8-09B7A17ABE6A}") = "Battlecruiser", "Assembly-CSharp.csproj", "{EFBC14A0-09C0-CDE9-D1F0-8612F63976CD}"
EndProject
Global
	GlobalSection(SolutionConfigurationPlatforms) = preSolution
		Debug|Any CPU = Debug|Any CPU
		Release|Any CPU = Release|Any CPU
	EndGlobalSection
	GlobalSection(ProjectConfigurationPlatforms) = postSolution
		{EFBC14A0-09C0-CDE9-D1F0-8612F63976CD}.Debug|Any CPU.ActiveCfg = Debug|Any CPU
		{EFBC14A0-09C0-CDE9-D1F0-8612F63976CD}.Debug|Any CPU.Build.0 = Debug|Any CPU
		{EFBC14A0-09C0-CDE9-D1F0-8612F63976CD}.Release|Any CPU.ActiveCfg = Release|Any CPU
		{EFBC14A0-09C0-CDE9-D1F0-8612F63976CD}.Release|Any CPU.Build.0 = Release|Any CPU
	EndGlobalSection
	GlobalSection(SolutionProperties) = preSolution
		HideSolutionNode = FALSE
	EndGlobalSection
	GlobalSection(MonoDevelopProperties) = preSolution
		StartupItem = Assembly-CSharp.csproj
	EndGlobalSection
EndGlobal
